
Microsoft Visual Studio Solution File, Format Version 12.00
# Visual Studio Version 16
VisualStudioVersion = 16.0.808.3
MinimumVisualStudioVersion = 10.0.40219.1
Project("{FAE04EC0-301F-11D3-BF4B-00C04F79EFBC}") = "BussinessDayCounter", "BussinessDayCounter\BussinessDayCounter.csproj", "{39B33855-5C80-4457-A12D-3C02016C0334}"
EndProject
Project("{FAE04EC0-301F-11D3-BF4B-00C04F79EFBC}") = "BussinessDayCounterTest", "BussinessDayCounterTest\BussinessDayCounterTest.csproj", "{20B34C03-F19D-4AA7-A8EA-9E6F5270D987}"
EndProject
Global
	GlobalSection(SolutionConfigurationPlatforms) = preSolution
		Debug|Any CPU = Debug|Any CPU
		Release|Any CPU = Release|Any CPU
	EndGlobalSection
	GlobalSection(ProjectConfigurationPlatforms) = postSolution
		{39B33855-5C80-4457-A12D-3C02016C0334}.Debug|Any CPU.ActiveCfg = Debug|Any CPU
		{39B33855-5C80-4457-A12D-3C02016C0334}.Debug|Any CPU.Build.0 = Debug|Any CPU
		{39B33855-5C80-4457-A12D-3C02016C0334}.Release|Any CPU.ActiveCfg = Release|Any CPU
		{39B33855-5C80-4457-A12D-3C02016C0334}.Release|Any CPU.Build.0 = Release|Any CPU
		{20B34C03-F19D-4AA7-A8EA-9E6F5270D987}.Debug|Any CPU.ActiveCfg = Debug|Any CPU
		{20B34C03-F19D-4AA7-A8EA-9E6F5270D987}.Debug|Any CPU.Build.0 = Debug|Any CPU
		{20B34C03-F19D-4AA7-A8EA-9E6F5270D987}.Release|Any CPU.ActiveCfg = Release|Any CPU
		{20B34C03-F19D-4AA7-A8EA-9E6F5270D987}.Release|Any CPU.Build.0 = Release|Any CPU
	EndGlobalSection
	GlobalSection(SolutionProperties) = preSolution
		HideSolutionNode = FALSE
	EndGlobalSection
	GlobalSection(ExtensibilityGlobals) = postSolution
		SolutionGuid = {5F3DC1D2-5F40-4783-94DF-8A5AE3D2BE85}
	EndGlobalSection
EndGlobal
